
Microsoft Visual Studio Solution File, Format Version 12.00
# Visual Studio Version 17
VisualStudioVersion = 17.4.33122.133
MinimumVisualStudioVersion = 10.0.40219.1
Project("{FAE04EC0-301F-11D3-BF4B-00C04F79EFBC}") = "10_Tuple-Record_Abstract", "10_Tuple-Record_Abstract.csproj", "{D6F5A250-8F52-4ADB-AC98-C9951E0DB82A}"
EndProject
Global
	GlobalSection(SolutionConfigurationPlatforms) = preSolution
		Debug|Any CPU = Debug|Any CPU
		Release|Any CPU = Release|Any CPU
	EndGlobalSection
	GlobalSection(ProjectConfigurationPlatforms) = postSolution
		{D6F5A250-8F52-4ADB-AC98-C9951E0DB82A}.Debug|Any CPU.ActiveCfg = Debug|Any CPU
		{D6F5A250-8F52-4ADB-AC98-C9951E0DB82A}.Debug|Any CPU.Build.0 = Debug|Any CPU
		{D6F5A250-8F52-4ADB-AC98-C9951E0DB82A}.Release|Any CPU.ActiveCfg = Release|Any CPU
		{D6F5A250-8F52-4ADB-AC98-C9951E0DB82A}.Release|Any CPU.Build.0 = Release|Any CPU
	EndGlobalSection
	GlobalSection(SolutionProperties) = preSolution
		HideSolutionNode = FALSE
	EndGlobalSection
	GlobalSection(ExtensibilityGlobals) = postSolution
		SolutionGuid = {AFA664E1-6C1D-486D-9BED-8756DBDC7482}
	EndGlobalSection
EndGlobal
